
Microsoft Visual Studio Solution File, Format Version 12.00
# Visual Studio Version 16
VisualStudioVersion = 16.0.29209.152
MinimumVisualStudioVersion = 10.0.40219.1
Project("{FAE04EC0-301F-11D3-BF4B-00C04F79EFBC}") = "DeleteEntityPlugin", "DeleteEntityPlugin\DeleteEntityPlugin.csproj", "{DD614BE7-83F2-4361-AA54-A573ECD05FEA}"
EndProject
Global
	GlobalSection(SolutionConfigurationPlatforms) = preSolution
		Debug|Any CPU = Debug|Any CPU
		Release|Any CPU = Release|Any CPU
	EndGlobalSection
	GlobalSection(ProjectConfigurationPlatforms) = postSolution
		{DD614BE7-83F2-4361-AA54-A573ECD05FEA}.Debug|Any CPU.ActiveCfg = Debug|Any CPU
		{DD614BE7-83F2-4361-AA54-A573ECD05FEA}.Debug|Any CPU.Build.0 = Debug|Any CPU
		{DD614BE7-83F2-4361-AA54-A573ECD05FEA}.Release|Any CPU.ActiveCfg = Release|Any CPU
		{DD614BE7-83F2-4361-AA54-A573ECD05FEA}.Release|Any CPU.Build.0 = Release|Any CPU
	EndGlobalSection
	GlobalSection(SolutionProperties) = preSolution
		HideSolutionNode = FALSE
	EndGlobalSection
	GlobalSection(ExtensibilityGlobals) = postSolution
		SolutionGuid = {61A6E8F7-BABF-438F-8A1D-9751969816EB}
	EndGlobalSection
EndGlobal
